// !$*UTF8*$!
{
	archiveVersion = 1;
	classes = {
	};
	objectVersion = 56;
	objects = {

/* Begin PBXBuildFile section */
		DF151FC52A3E6E840072BE60 /* CategoryViewController.swift in Sources */ = {isa = PBXBuildFile; fileRef = DF151FC32A3E6E840072BE60 /* CategoryViewController.swift */; };
		DF151FC82A3E6EC30072BE60 /* CategoryViewController.storyboard in Resources */ = {isa = PBXBuildFile; fileRef = DF151FC72A3E6EC30072BE60 /* CategoryViewController.storyboard */; };
		DF151FD02A3E78AE0072BE60 /* DataRequest.swift in Sources */ = {isa = PBXBuildFile; fileRef = DF151FCF2A3E78AE0072BE60 /* DataRequest.swift */; };
		DF151FD22A3E78E00072BE60 /* NetworkService.swift in Sources */ = {isa = PBXBuildFile; fileRef = DF151FD12A3E78E00072BE60 /* NetworkService.swift */; };
		DF47F3902A49A05B0080570E /* UIViewController+Extension.swift in Sources */ = {isa = PBXBuildFile; fileRef = DF47F38F2A49A05B0080570E /* UIViewController+Extension.swift */; };
		DF94DF432A43064A00247402 /* PhotosRequest.swift in Sources */ = {isa = PBXBuildFile; fileRef = DF94DF422A43064A00247402 /* PhotosRequest.swift */; };
		DFC1113D2A3781CE00966541 /* AppDelegate.swift in Sources */ = {isa = PBXBuildFile; fileRef = DFC1113C2A3781CE00966541 /* AppDelegate.swift */; };
		DFC1113F2A3781CE00966541 /* SceneDelegate.swift in Sources */ = {isa = PBXBuildFile; fileRef = DFC1113E2A3781CE00966541 /* SceneDelegate.swift */; };
		DFC111412A3781CE00966541 /* MainPageViewController.swift in Sources */ = {isa = PBXBuildFile; fileRef = DFC111402A3781CE00966541 /* MainPageViewController.swift */; };
		DFC111442A3781CE00966541 /* MainPageViewController.storyboard in Resources */ = {isa = PBXBuildFile; fileRef = DFC111422A3781CE00966541 /* MainPageViewController.storyboard */; };
		DFC111462A3781CF00966541 /* Assets.xcassets in Resources */ = {isa = PBXBuildFile; fileRef = DFC111452A3781CF00966541 /* Assets.xcassets */; };
		DFC111492A3781CF00966541 /* LaunchScreen.storyboard in Resources */ = {isa = PBXBuildFile; fileRef = DFC111472A3781CF00966541 /* LaunchScreen.storyboard */; };
		DFC4B5242A45026400F916A2 /* APIKeys.plist in Resources */ = {isa = PBXBuildFile; fileRef = DFC4B5232A45026400F916A2 /* APIKeys.plist */; };
		DFC4B5292A4502F800F916A2 /* PhotoCell.swift in Sources */ = {isa = PBXBuildFile; fileRef = DFC4B5272A4502F800F916A2 /* PhotoCell.swift */; };
		DFC4B52A2A4502F800F916A2 /* PhotoCell.xib in Resources */ = {isa = PBXBuildFile; fileRef = DFC4B5282A4502F800F916A2 /* PhotoCell.xib */; };
		DFC4B52C2A450D1200F916A2 /* MainPageViewProtocol.swift in Sources */ = {isa = PBXBuildFile; fileRef = DFC4B52B2A450D1200F916A2 /* MainPageViewProtocol.swift */; };
		DFC4B52E2A450D3600F916A2 /* MainPagePresenter.swift in Sources */ = {isa = PBXBuildFile; fileRef = DFC4B52D2A450D3600F916A2 /* MainPagePresenter.swift */; };
		DFE5C0DC2A47ADC300D1FC19 /* ImageViewController.storyboard in Resources */ = {isa = PBXBuildFile; fileRef = DFE5C0DB2A47ADC300D1FC19 /* ImageViewController.storyboard */; };
		DFE5C0DE2A47ADD300D1FC19 /* ImageViewController.swift in Sources */ = {isa = PBXBuildFile; fileRef = DFE5C0DD2A47ADD300D1FC19 /* ImageViewController.swift */; };
		DFFDBD852A3F44B2001922AA /* ChosenCategoryViewController.swift in Sources */ = {isa = PBXBuildFile; fileRef = DFFDBD842A3F44B2001922AA /* ChosenCategoryViewController.swift */; };
		DFFDBD872A3F44CC001922AA /* ChosenCategoryViewController.storyboard in Resources */ = {isa = PBXBuildFile; fileRef = DFFDBD862A3F44CC001922AA /* ChosenCategoryViewController.storyboard */; };
/* End PBXBuildFile section */

/* Begin PBXFileReference section */
		DF151FC32A3E6E840072BE60 /* CategoryViewController.swift */ = {isa = PBXFileReference; lastKnownFileType = sourcecode.swift; path = CategoryViewController.swift; sourceTree = "<group>"; };
		DF151FC72A3E6EC30072BE60 /* CategoryViewController.storyboard */ = {isa = PBXFileReference; lastKnownFileType = file.storyboard; path = CategoryViewController.storyboard; sourceTree = "<group>"; };
		DF151FCF2A3E78AE0072BE60 /* DataRequest.swift */ = {isa = PBXFileReference; lastKnownFileType = sourcecode.swift; path = DataRequest.swift; sourceTree = "<group>"; };
		DF151FD12A3E78E00072BE60 /* NetworkService.swift */ = {isa = PBXFileReference; lastKnownFileType = sourcecode.swift; path = NetworkService.swift; sourceTree = "<group>"; };
		DF47F38F2A49A05B0080570E /* UIViewController+Extension.swift */ = {isa = PBXFileReference; lastKnownFileType = sourcecode.swift; path = "UIViewController+Extension.swift"; sourceTree = "<group>"; };
		DF94DF422A43064A00247402 /* PhotosRequest.swift */ = {isa = PBXFileReference; lastKnownFileType = sourcecode.swift; path = PhotosRequest.swift; sourceTree = "<group>"; };
		DFC111392A3781CE00966541 /* PhotoFinderApp.app */ = {isa = PBXFileReference; explicitFileType = wrapper.application; includeInIndex = 0; path = PhotoFinderApp.app; sourceTree = BUILT_PRODUCTS_DIR; };
		DFC1113C2A3781CE00966541 /* AppDelegate.swift */ = {isa = PBXFileReference; lastKnownFileType = sourcecode.swift; path = AppDelegate.swift; sourceTree = "<group>"; };
		DFC1113E2A3781CE00966541 /* SceneDelegate.swift */ = {isa = PBXFileReference; lastKnownFileType = sourcecode.swift; path = SceneDelegate.swift; sourceTree = "<group>"; };
		DFC111402A3781CE00966541 /* MainPageViewController.swift */ = {isa = PBXFileReference; lastKnownFileType = sourcecode.swift; path = MainPageViewController.swift; sourceTree = "<group>"; };
		DFC111432A3781CE00966541 /* Base */ = {isa = PBXFileReference; lastKnownFileType = file.storyboard; name = Base; path = Base.lproj/MainPageViewController.storyboard; sourceTree = "<group>"; };
		DFC111452A3781CF00966541 /* Assets.xcassets */ = {isa = PBXFileReference; lastKnownFileType = folder.assetcatalog; path = Assets.xcassets; sourceTree = "<group>"; };
		DFC111482A3781CF00966541 /* Base */ = {isa = PBXFileReference; lastKnownFileType = file.storyboard; name = Base; path = Base.lproj/LaunchScreen.storyboard; sourceTree = "<group>"; };
		DFC1114A2A3781CF00966541 /* Info.plist */ = {isa = PBXFileReference; lastKnownFileType = text.plist.xml; path = Info.plist; sourceTree = "<group>"; };
		DFC4B5232A45026400F916A2 /* APIKeys.plist */ = {isa = PBXFileReference; lastKnownFileType = text.plist.xml; path = APIKeys.plist; sourceTree = "<group>"; };
		DFC4B5272A4502F800F916A2 /* PhotoCell.swift */ = {isa = PBXFileReference; lastKnownFileType = sourcecode.swift; path = PhotoCell.swift; sourceTree = "<group>"; };
		DFC4B5282A4502F800F916A2 /* PhotoCell.xib */ = {isa = PBXFileReference; lastKnownFileType = file.xib; path = PhotoCell.xib; sourceTree = "<group>"; };
		DFC4B52B2A450D1200F916A2 /* MainPageViewProtocol.swift */ = {isa = PBXFileReference; lastKnownFileType = sourcecode.swift; path = MainPageViewProtocol.swift; sourceTree = "<group>"; };
		DFC4B52D2A450D3600F916A2 /* MainPagePresenter.swift */ = {isa = PBXFileReference; lastKnownFileType = sourcecode.swift; path = MainPagePresenter.swift; sourceTree = "<group>"; };
		DFE5C0DB2A47ADC300D1FC19 /* ImageViewController.storyboard */ = {isa = PBXFileReference; lastKnownFileType = file.storyboard; path = ImageViewController.storyboard; sourceTree = "<group>"; };
		DFE5C0DD2A47ADD300D1FC19 /* ImageViewController.swift */ = {isa = PBXFileReference; lastKnownFileType = sourcecode.swift; path = ImageViewController.swift; sourceTree = "<group>"; };
		DFFDBD842A3F44B2001922AA /* ChosenCategoryViewController.swift */ = {isa = PBXFileReference; lastKnownFileType = sourcecode.swift; path = ChosenCategoryViewController.swift; sourceTree = "<group>"; };
		DFFDBD862A3F44CC001922AA /* ChosenCategoryViewController.storyboard */ = {isa = PBXFileReference; lastKnownFileType = file.storyboard; path = ChosenCategoryViewController.storyboard; sourceTree = "<group>"; };
/* End PBXFileReference section */

/* Begin PBXFrameworksBuildPhase section */
		DFC111362A3781CE00966541 /* Frameworks */ = {
			isa = PBXFrameworksBuildPhase;
			buildActionMask = 2147483647;
			files = (
			);
			runOnlyForDeploymentPostprocessing = 0;
		};
/* End PBXFrameworksBuildPhase section */

/* Begin PBXGroup section */
		DF151FC22A3E6E460072BE60 /* Category */ = {
			isa = PBXGroup;
			children = (
				DF151FC32A3E6E840072BE60 /* CategoryViewController.swift */,
				DF151FC72A3E6EC30072BE60 /* CategoryViewController.storyboard */,
			);
			path = Category;
			sourceTree = "<group>";
		};
		DF151FCD2A3E6F4B0072BE60 /* MainPage */ = {
			isa = PBXGroup;
			children = (
				DFC111402A3781CE00966541 /* MainPageViewController.swift */,
				DFC111422A3781CE00966541 /* MainPageViewController.storyboard */,
				DFC4B52B2A450D1200F916A2 /* MainPageViewProtocol.swift */,
				DFC4B52D2A450D3600F916A2 /* MainPagePresenter.swift */,
			);
			path = MainPage;
			sourceTree = "<group>";
		};
		DF151FCE2A3E78180072BE60 /* NetworkLayer */ = {
			isa = PBXGroup;
			children = (
				DF151FCF2A3E78AE0072BE60 /* DataRequest.swift */,
				DF151FD12A3E78E00072BE60 /* NetworkService.swift */,
				DF94DF422A43064A00247402 /* PhotosRequest.swift */,
			);
			path = NetworkLayer;
			sourceTree = "<group>";
		};
		DF47F38E2A49A0370080570E /* Extensions */ = {
			isa = PBXGroup;
			children = (
				DF47F38F2A49A05B0080570E /* UIViewController+Extension.swift */,
			);
			path = Extensions;
			sourceTree = "<group>";
		};
		DFAD5AC52A4336BB007EC0FF /* Image View */ = {
			isa = PBXGroup;
			children = (
				DFE5C0DB2A47ADC300D1FC19 /* ImageViewController.storyboard */,
				DFE5C0DD2A47ADD300D1FC19 /* ImageViewController.swift */,
			);
			path = "Image View";
			sourceTree = "<group>";
		};
		DFC111302A3781CE00966541 = {
			isa = PBXGroup;
			children = (
				DFC1113B2A3781CE00966541 /* PhotoFinderApp */,
				DFC1113A2A3781CE00966541 /* Products */,
			);
			sourceTree = "<group>";
		};
		DFC1113A2A3781CE00966541 /* Products */ = {
			isa = PBXGroup;
			children = (
				DFC111392A3781CE00966541 /* PhotoFinderApp.app */,
			);
			name = Products;
			sourceTree = "<group>";
		};
		DFC1113B2A3781CE00966541 /* PhotoFinderApp */ = {
			isa = PBXGroup;
			children = (
				DF47F38E2A49A0370080570E /* Extensions */,
				DFC4B5252A4502A100F916A2 /* UIElements */,
				DFAD5AC52A4336BB007EC0FF /* Image View */,
				DFFDBD832A3F448C001922AA /* Chosen category */,
				DF151FCE2A3E78180072BE60 /* NetworkLayer */,
				DF151FCD2A3E6F4B0072BE60 /* MainPage */,
				DF151FC22A3E6E460072BE60 /* Category */,
				DFC1113C2A3781CE00966541 /* AppDelegate.swift */,
				DFC1113E2A3781CE00966541 /* SceneDelegate.swift */,
				DFC111452A3781CF00966541 /* Assets.xcassets */,
				DFC111472A3781CF00966541 /* LaunchScreen.storyboard */,
				DFC1114A2A3781CF00966541 /* Info.plist */,
				DFC4B5232A45026400F916A2 /* APIKeys.plist */,
			);
			path = PhotoFinderApp;
			sourceTree = "<group>";
		};
		DFC4B5252A4502A100F916A2 /* UIElements */ = {
			isa = PBXGroup;
			children = (
				DFC4B5262A4502BE00F916A2 /* Cell */,
			);
			path = UIElements;
			sourceTree = "<group>";
		};
		DFC4B5262A4502BE00F916A2 /* Cell */ = {
			isa = PBXGroup;
			children = (
				DFC4B5272A4502F800F916A2 /* PhotoCell.swift */,
				DFC4B5282A4502F800F916A2 /* PhotoCell.xib */,
			);
			path = Cell;
			sourceTree = "<group>";
		};
		DFFDBD832A3F448C001922AA /* Chosen category */ = {
			isa = PBXGroup;
			children = (
				DFFDBD842A3F44B2001922AA /* ChosenCategoryViewController.swift */,
				DFFDBD862A3F44CC001922AA /* ChosenCategoryViewController.storyboard */,
			);
			path = "Chosen category";
			sourceTree = "<group>";
		};
/* End PBXGroup section */

/* Begin PBXNativeTarget section */
		DFC111382A3781CE00966541 /* PhotoFinderApp */ = {
			isa = PBXNativeTarget;
			buildConfigurationList = DFC1114D2A3781CF00966541 /* Build configuration list for PBXNativeTarget "PhotoFinderApp" */;
			buildPhases = (
				DFC111352A3781CE00966541 /* Sources */,
				DFC111362A3781CE00966541 /* Frameworks */,
				DFC111372A3781CE00966541 /* Resources */,
			);
			buildRules = (
			);
			dependencies = (
			);
			name = PhotoFinderApp;
			productName = EcommerceApp;
			productReference = DFC111392A3781CE00966541 /* PhotoFinderApp.app */;
			productType = "com.apple.product-type.application";
		};
/* End PBXNativeTarget section */

/* Begin PBXProject section */
		DFC111312A3781CE00966541 /* Project object */ = {
			isa = PBXProject;
			attributes = {
				BuildIndependentTargetsInParallel = 1;
				LastSwiftUpdateCheck = 1430;
				LastUpgradeCheck = 1430;
				TargetAttributes = {
					DFC111382A3781CE00966541 = {
						CreatedOnToolsVersion = 14.3.1;
					};
				};
			};
			buildConfigurationList = DFC111342A3781CE00966541 /* Build configuration list for PBXProject "PhotoFinderApp" */;
			compatibilityVersion = "Xcode 14.0";
			developmentRegion = en;
			hasScannedForEncodings = 0;
			knownRegions = (
				en,
				Base,
			);
			mainGroup = DFC111302A3781CE00966541;
			productRefGroup = DFC1113A2A3781CE00966541 /* Products */;
			projectDirPath = "";
			projectRoot = "";
			targets = (
				DFC111382A3781CE00966541 /* PhotoFinderApp */,
			);
		};
/* End PBXProject section */

/* Begin PBXResourcesBuildPhase section */
		DFC111372A3781CE00966541 /* Resources */ = {
			isa = PBXResourcesBuildPhase;
			buildActionMask = 2147483647;
			files = (
				DFC4B52A2A4502F800F916A2 /* PhotoCell.xib in Resources */,
				DFC111492A3781CF00966541 /* LaunchScreen.storyboard in Resources */,
				DFC111462A3781CF00966541 /* Assets.xcassets in Resources */,
				DFC4B5242A45026400F916A2 /* APIKeys.plist in Resources */,
				DFC111442A3781CE00966541 /* MainPageViewController.storyboard in Resources */,
				DF151FC82A3E6EC30072BE60 /* CategoryViewController.storyboard in Resources */,
				DFFDBD872A3F44CC001922AA /* ChosenCategoryViewController.storyboard in Resources */,
				DFE5C0DC2A47ADC300D1FC19 /* ImageViewController.storyboard in Resources */,
			);
			runOnlyForDeploymentPostprocessing = 0;
		};
/* End PBXResourcesBuildPhase section */

/* Begin PBXSourcesBuildPhase section */
		DFC111352A3781CE00966541 /* Sources */ = {
			isa = PBXSourcesBuildPhase;
			buildActionMask = 2147483647;
			files = (
				DFC4B52E2A450D3600F916A2 /* MainPagePresenter.swift in Sources */,
				DF47F3902A49A05B0080570E /* UIViewController+Extension.swift in Sources */,
				DF94DF432A43064A00247402 /* PhotosRequest.swift in Sources */,
				DF151FC52A3E6E840072BE60 /* CategoryViewController.swift in Sources */,
				DFC4B52C2A450D1200F916A2 /* MainPageViewProtocol.swift in Sources */,
				DFFDBD852A3F44B2001922AA /* ChosenCategoryViewController.swift in Sources */,
				DFC111412A3781CE00966541 /* MainPageViewController.swift in Sources */,
				DF151FD02A3E78AE0072BE60 /* DataRequest.swift in Sources */,
				DFC4B5292A4502F800F916A2 /* PhotoCell.swift in Sources */,
				DFC1113D2A3781CE00966541 /* AppDelegate.swift in Sources */,
				DFC1113F2A3781CE00966541 /* SceneDelegate.swift in Sources */,
				DFE5C0DE2A47ADD300D1FC19 /* ImageViewController.swift in Sources */,
				DF151FD22A3E78E00072BE60 /* NetworkService.swift in Sources */,
			);
			runOnlyForDeploymentPostprocessing = 0;
		};
/* End PBXSourcesBuildPhase section */

/* Begin PBXVariantGroup section */
		DFC111422A3781CE00966541 /* MainPageViewController.storyboard */ = {
			isa = PBXVariantGroup;
			children = (
				DFC111432A3781CE00966541 /* Base */,
			);
			name = MainPageViewController.storyboard;
			sourceTree = "<group>";
		};
		DFC111472A3781CF00966541 /* LaunchScreen.storyboard */ = {
			isa = PBXVariantGroup;
			children = (
				DFC111482A3781CF00966541 /* Base */,
			);
			name = LaunchScreen.storyboard;
			sourceTree = "<group>";
		};
/* End PBXVariantGroup section */

/* Begin XCBuildConfiguration section */
		DFC1114B2A3781CF00966541 /* Debug */ = {
			isa = XCBuildConfiguration;
			buildSettings = {
				ALWAYS_SEARCH_USER_PATHS = NO;
				CLANG_ANALYZER_NONNULL = YES;
				CLANG_ANALYZER_NUMBER_OBJECT_CONVERSION = YES_AGGRESSIVE;
				CLANG_CXX_LANGUAGE_STANDARD = "gnu++20";
				CLANG_ENABLE_MODULES = YES;
				CLANG_ENABLE_OBJC_ARC = YES;
				CLANG_ENABLE_OBJC_WEAK = YES;
				CLANG_WARN_BLOCK_CAPTURE_AUTORELEASING = YES;
				CLANG_WARN_BOOL_CONVERSION = YES;
				CLANG_WARN_COMMA = YES;
				CLANG_WARN_CONSTANT_CONVERSION = YES;
				CLANG_WARN_DEPRECATED_OBJC_IMPLEMENTATIONS = YES;
				CLANG_WARN_DIRECT_OBJC_ISA_USAGE = YES_ERROR;
				CLANG_WARN_DOCUMENTATION_COMMENTS = YES;
				CLANG_WARN_EMPTY_BODY = YES;
				CLANG_WARN_ENUM_CONVERSION = YES;
				CLANG_WARN_INFINITE_RECURSION = YES;
				CLANG_WARN_INT_CONVERSION = YES;
				CLANG_WARN_NON_LITERAL_NULL_CONVERSION = YES;
				CLANG_WARN_OBJC_IMPLICIT_RETAIN_SELF = YES;
				CLANG_WARN_OBJC_LITERAL_CONVERSION = YES;
				CLANG_WARN_OBJC_ROOT_CLASS = YES_ERROR;
				CLANG_WARN_QUOTED_INCLUDE_IN_FRAMEWORK_HEADER = YES;
				CLANG_WARN_RANGE_LOOP_ANALYSIS = YES;
				CLANG_WARN_STRICT_PROTOTYPES = YES;
				CLANG_WARN_SUSPICIOUS_MOVE = YES;
				CLANG_WARN_UNGUARDED_AVAILABILITY = YES_AGGRESSIVE;
				CLANG_WARN_UNREACHABLE_CODE = YES;
				CLANG_WARN__DUPLICATE_METHOD_MATCH = YES;
				COPY_PHASE_STRIP = NO;
				DEBUG_INFORMATION_FORMAT = dwarf;
				ENABLE_STRICT_OBJC_MSGSEND = YES;
				ENABLE_TESTABILITY = YES;
				GCC_C_LANGUAGE_STANDARD = gnu11;
				GCC_DYNAMIC_NO_PIC = NO;
				GCC_NO_COMMON_BLOCKS = YES;
				GCC_OPTIMIZATION_LEVEL = 0;
				GCC_PREPROCESSOR_DEFINITIONS = (
					"DEBUG=1",
					"$(inherited)",
				);
				GCC_WARN_64_TO_32_BIT_CONVERSION = YES;
				GCC_WARN_ABOUT_RETURN_TYPE = YES_ERROR;
				GCC_WARN_UNDECLARED_SELECTOR = YES;
				GCC_WARN_UNINITIALIZED_AUTOS = YES_AGGRESSIVE;
				GCC_WARN_UNUSED_FUNCTION = YES;
				GCC_WARN_UNUSED_VARIABLE = YES;
				IPHONEOS_DEPLOYMENT_TARGET = 16.4;
				MTL_ENABLE_DEBUG_INFO = INCLUDE_SOURCE;
				MTL_FAST_MATH = YES;
				ONLY_ACTIVE_ARCH = YES;
				SDKROOT = iphoneos;
				SWIFT_ACTIVE_COMPILATION_CONDITIONS = DEBUG;
				SWIFT_OPTIMIZATION_LEVEL = "-Onone";
			};
			name = Debug;
		};
		DFC1114C2A3781CF00966541 /* Release */ = {
			isa = XCBuildConfiguration;
			buildSettings = {
				ALWAYS_SEARCH_USER_PATHS = NO;
				CLANG_ANALYZER_NONNULL = YES;
				CLANG_ANALYZER_NUMBER_OBJECT_CONVERSION = YES_AGGRESSIVE;
				CLANG_CXX_LANGUAGE_STANDARD = "gnu++20";
				CLANG_ENABLE_MODULES = YES;
				CLANG_ENABLE_OBJC_ARC = YES;
				CLANG_ENABLE_OBJC_WEAK = YES;
				CLANG_WARN_BLOCK_CAPTURE_AUTORELEASING = YES;
				CLANG_WARN_BOOL_CONVERSION = YES;
				CLANG_WARN_COMMA = YES;
				CLANG_WARN_CONSTANT_CONVERSION = YES;
				CLANG_WARN_DEPRECATED_OBJC_IMPLEMENTATIONS = YES;
				CLANG_WARN_DIRECT_OBJC_ISA_USAGE = YES_ERROR;
				CLANG_WARN_DOCUMENTATION_COMMENTS = YES;
				CLANG_WARN_EMPTY_BODY = YES;
				CLANG_WARN_ENUM_CONVERSION = YES;
				CLANG_WARN_INFINITE_RECURSION = YES;
				CLANG_WARN_INT_CONVERSION = YES;
				CLANG_WARN_NON_LITERAL_NULL_CONVERSION = YES;
				CLANG_WARN_OBJC_IMPLICIT_RETAIN_SELF = YES;
				CLANG_WARN_OBJC_LITERAL_CONVERSION = YES;
				CLANG_WARN_OBJC_ROOT_CLASS = YES_ERROR;
				CLANG_WARN_QUOTED_INCLUDE_IN_FRAMEWORK_HEADER = YES;
				CLANG_WARN_RANGE_LOOP_ANALYSIS = YES;
				CLANG_WARN_STRICT_PROTOTYPES = YES;
				CLANG_WARN_SUSPICIOUS_MOVE = YES;
				CLANG_WARN_UNGUARDED_AVAILABILITY = YES_AGGRESSIVE;
				CLANG_WARN_UNREACHABLE_CODE = YES;
				CLANG_WARN__DUPLICATE_METHOD_MATCH = YES;
				COPY_PHASE_STRIP = NO;
				DEBUG_INFORMATION_FORMAT = "dwarf-with-dsym";
				ENABLE_NS_ASSERTIONS = NO;
				ENABLE_STRICT_OBJC_MSGSEND = YES;
				GCC_C_LANGUAGE_STANDARD = gnu11;
				GCC_NO_COMMON_BLOCKS = YES;
				GCC_WARN_64_TO_32_BIT_CONVERSION = YES;
				GCC_WARN_ABOUT_RETURN_TYPE = YES_ERROR;
				GCC_WARN_UNDECLARED_SELECTOR = YES;
				GCC_WARN_UNINITIALIZED_AUTOS = YES_AGGRESSIVE;
				GCC_WARN_UNUSED_FUNCTION = YES;
				GCC_WARN_UNUSED_VARIABLE = YES;
				IPHONEOS_DEPLOYMENT_TARGET = 16.4;
				MTL_ENABLE_DEBUG_INFO = NO;
				MTL_FAST_MATH = YES;
				SDKROOT = iphoneos;
				SWIFT_COMPILATION_MODE = wholemodule;
				SWIFT_OPTIMIZATION_LEVEL = "-O";
				VALIDATE_PRODUCT = YES;
			};
			name = Release;
		};
		DFC1114E2A3781CF00966541 /* Debug */ = {
			isa = XCBuildConfiguration;
			buildSettings = {
				ASSETCATALOG_COMPILER_APPICON_NAME = AppIcon;
				ASSETCATALOG_COMPILER_GLOBAL_ACCENT_COLOR_NAME = AccentColor;
				CODE_SIGN_STYLE = Automatic;
				CURRENT_PROJECT_VERSION = 1;
				DEVELOPMENT_ASSET_PATHS = "";
				GENERATE_INFOPLIST_FILE = YES;
				INFOPLIST_FILE = PhotoFinderApp/Info.plist;
				INFOPLIST_KEY_UIApplicationSupportsIndirectInputEvents = YES;
				INFOPLIST_KEY_UILaunchStoryboardName = LaunchScreen.storyboard;
				INFOPLIST_KEY_UIMainStoryboardFile = MainPageViewController;
				INFOPLIST_KEY_UISupportedInterfaceOrientations = UIInterfaceOrientationPortrait;
				INFOPLIST_KEY_UISupportedInterfaceOrientations_iPad = "UIInterfaceOrientationLandscapeLeft UIInterfaceOrientationLandscapeRight UIInterfaceOrientationPortrait UIInterfaceOrientationPortraitUpsideDown";
				LD_RUNPATH_SEARCH_PATHS = (
					"$(inherited)",
					"@executable_path/Frameworks",
				);
				MARKETING_VERSION = 1.0;
				PRODUCT_BUNDLE_IDENTIFIER = AlexN0Y.PhotoFinderApp;
				PRODUCT_NAME = "$(TARGET_NAME)";
				SUPPORTED_PLATFORMS = "iphoneos iphonesimulator";
				SUPPORTS_MACCATALYST = NO;
				SUPPORTS_MAC_DESIGNED_FOR_IPHONE_IPAD = NO;
				SWIFT_EMIT_LOC_STRINGS = YES;
				SWIFT_VERSION = 5.0;
				TARGETED_DEVICE_FAMILY = 1;
			};
			name = Debug;
		};
		DFC1114F2A3781CF00966541 /* Release */ = {
			isa = XCBuildConfiguration;
			buildSettings = {
				ASSETCATALOG_COMPILER_APPICON_NAME = AppIcon;
				ASSETCATALOG_COMPILER_GLOBAL_ACCENT_COLOR_NAME = AccentColor;
				CODE_SIGN_STYLE = Automatic;
				CURRENT_PROJECT_VERSION = 1;
				DEVELOPMENT_ASSET_PATHS = "";
				GENERATE_INFOPLIST_FILE = YES;
				INFOPLIST_FILE = PhotoFinderApp/Info.plist;
				INFOPLIST_KEY_UIApplicationSupportsIndirectInputEvents = YES;
				INFOPLIST_KEY_UILaunchStoryboardName = LaunchScreen.storyboard;
				INFOPLIST_KEY_UIMainStoryboardFile = MainPageViewController;
				INFOPLIST_KEY_UISupportedInterfaceOrientations = UIInterfaceOrientationPortrait;
				INFOPLIST_KEY_UISupportedInterfaceOrientations_iPad = "UIInterfaceOrientationLandscapeLeft UIInterfaceOrientationLandscapeRight UIInterfaceOrientationPortrait UIInterfaceOrientationPortraitUpsideDown";
				LD_RUNPATH_SEARCH_PATHS = (
					"$(inherited)",
					"@executable_path/Frameworks",
				);
				MARKETING_VERSION = 1.0;
				PRODUCT_BUNDLE_IDENTIFIER = AlexN0Y.PhotoFinderApp;
				PRODUCT_NAME = "$(TARGET_NAME)";
				SUPPORTED_PLATFORMS = "iphoneos iphonesimulator";
				SUPPORTS_MACCATALYST = NO;
				SUPPORTS_MAC_DESIGNED_FOR_IPHONE_IPAD = NO;
				SWIFT_EMIT_LOC_STRINGS = YES;
				SWIFT_VERSION = 5.0;
				TARGETED_DEVICE_FAMILY = 1;
			};
			name = Release;
		};
/* End XCBuildConfiguration section */

/* Begin XCConfigurationList section */
		DFC111342A3781CE00966541 /* Build configuration list for PBXProject "PhotoFinderApp" */ = {
			isa = XCConfigurationList;
			buildConfigurations = (
				DFC1114B2A3781CF00966541 /* Debug */,
				DFC1114C2A3781CF00966541 /* Release */,
			);
			defaultConfigurationIsVisible = 0;
			defaultConfigurationName = Release;
		};
		DFC1114D2A3781CF00966541 /* Build configuration list for PBXNativeTarget "PhotoFinderApp" */ = {
			isa = XCConfigurationList;
			buildConfigurations = (
				DFC1114E2A3781CF00966541 /* Debug */,
				DFC1114F2A3781CF00966541 /* Release */,
			);
			defaultConfigurationIsVisible = 0;
			defaultConfigurationName = Release;
		};
/* End XCConfigurationList section */
	};
	rootObject = DFC111312A3781CE00966541 /* Project object */;
}
